
Microsoft Visual Studio Solution File, Format Version 12.00
# Visual Studio Version 17
VisualStudioVersion = 17.0.31903.59
MinimumVisualStudioVersion = 10.0.40219.1
Project("{2150E333-8FDC-42A3-9474-1A3956D46DE8}") = "src", "src", "{AD530CED-2B90-4043-8CDF-E8D13D5301D5}"
EndProject
Project("{2150E333-8FDC-42A3-9474-1A3956D46DE8}") = "Shared", "src\Shared", "{B1A2C3D4-E5F6-7890-ABCD-EF1234567890}"
EndProject
Project("{2150E333-8FDC-42A3-9474-1A3956D46DE8}") = "Modules", "src\Modules", "{C2B3A4D5-F6E7-8901-BCDE-F01234567891}"
EndProject
Project("{2150E333-8FDC-42A3-9474-1A3956D46DE8}") = "Posts", "src\Modules\Posts", "{D3C4B5A6-07F8-9012-CDEF-012345678902}"
EndProject
Project("{2150E333-8FDC-42A3-9474-1A3956D46DE8}") = "Authors", "src\Modules\Authors", "{E4D5C6B7-18A9-0123-DEF0-123456789013}"
EndProject
Project("{FAE04EC0-301F-11D3-BF4B-00C04F79EFBC}") = "Shared.Domain", "src\Shared\Shared.Domain\Shared.Domain.csproj", "{F5E6D7C8-29BA-1234-EF01-234567890124}"
EndProject
Project("{FAE04EC0-301F-11D3-BF4B-00C04F79EFBC}") = "Shared.Application", "src\Shared\Shared.Application\Shared.Application.csproj", "{06F7E8D9-3ACB-2345-F012-345678901235}"
EndProject
Project("{FAE04EC0-301F-11D3-BF4B-00C04F79EFBC}") = "Shared.Infrastructure", "src\Shared\Shared.Infrastructure\Shared.Infrastructure.csproj", "{17081EAA-4BDC-3456-0123-456789012346}"
EndProject
Project("{FAE04EC0-301F-11D3-BF4B-00C04F79EFBC}") = "Posts.Domain", "src\Modules\Posts\Posts.Domain\Posts.Domain.csproj", "{28192FBB-5CED-4567-1234-567890123457}"
EndProject
Project("{FAE04EC0-301F-11D3-BF4B-00C04F79EFBC}") = "Posts.Application", "src\Modules\Posts\Posts.Application\Posts.Application.csproj", "{392A30CC-6DFE-5678-2345-678901234568}"
EndProject
Project("{FAE04EC0-301F-11D3-BF4B-00C04F79EFBC}") = "Posts.Infrastructure", "src\Modules\Posts\Posts.Infrastructure\Posts.Infrastructure.csproj", "{4A3B41DD-7E0F-6789-3456-789012345679}"
EndProject
Project("{FAE04EC0-301F-11D3-BF4B-00C04F79EFBC}") = "Posts.Api", "src\Modules\Posts\Posts.Api\Posts.Api.csproj", "{A1B2C3D4-E5F6-7890-ABCD-EF1234567AA1}"
EndProject
Project("{FAE04EC0-301F-11D3-BF4B-00C04F79EFBC}") = "Authors.Contracts", "src\Modules\Authors\Authors.Contracts\Authors.Contracts.csproj", "{8E7F8511-B243-ABCD-7890-12345678901D}"
EndProject
Project("{FAE04EC0-301F-11D3-BF4B-00C04F79EFBC}") = "Authors.Domain", "src\Modules\Authors\Authors.Domain\Authors.Domain.csproj", "{5B4C52EE-8F10-789A-4567-89012345678A}"
EndProject
Project("{FAE04EC0-301F-11D3-BF4B-00C04F79EFBC}") = "Authors.Application", "src\Modules\Authors\Authors.Application\Authors.Application.csproj", "{6C5D63FF-9021-89AB-5678-90123456789B}"
EndProject
Project("{FAE04EC0-301F-11D3-BF4B-00C04F79EFBC}") = "Authors.Infrastructure", "src\Modules\Authors\Authors.Infrastructure\Authors.Infrastructure.csproj", "{7D6E7400-A132-9ABC-6789-01234567890C}"
EndProject
Project("{FAE04EC0-301F-11D3-BF4B-00C04F79EFBC}") = "Authors.Api", "src\Modules\Authors\Authors.Api\Authors.Api.csproj", "{B2C3D4E5-F6A7-8901-BCDE-F01234567BB2}"
EndProject
Project("{FAE04EC0-301F-11D3-BF4B-00C04F79EFBC}") = "BloggingSystem.Api", "src\BloggingSystem.Api\BloggingSystem.Api.csproj", "{CFA06A68-6D21-4A24-A306-ED09072D7C78}"
EndProject
Project("{FAE04EC0-301F-11D3-BF4B-00C04F79EFBC}") = "Gateway", "src\Gateway\Gateway.csproj", "{C3D4E5F6-A7B8-9012-CDEF-012345678CC3}"
EndProject
Project("{2150E333-8FDC-42A3-9474-1A3956D46DE8}") = "tests", "tests", "{5CF40F96-D7E9-415D-9CD5-0704D5C18DC4}"
EndProject
Project("{FAE04EC0-301F-11D3-BF4B-00C04F79EFBC}") = "BloggingSystem.Domain.Tests", "tests\BloggingSystem.Domain.Tests\BloggingSystem.Domain.Tests.csproj", "{5D4F027A-9514-451D-B6E6-DC420AE528B3}"
EndProject
Project("{FAE04EC0-301F-11D3-BF4B-00C04F79EFBC}") = "BloggingSystem.Application.Tests", "tests\BloggingSystem.Application.Tests\BloggingSystem.Application.Tests.csproj", "{AE21A06E-E7C7-4622-B6AC-89D38B869C9F}"
EndProject
Project("{FAE04EC0-301F-11D3-BF4B-00C04F79EFBC}") = "BloggingSystem.Infrastructure.Tests", "tests\BloggingSystem.Infrastructure.Tests\BloggingSystem.Infrastructure.Tests.csproj", "{09997EB2-A0F8-49CA-B3DC-8F1A312AFBD0}"
EndProject
Project("{FAE04EC0-301F-11D3-BF4B-00C04F79EFBC}") = "BloggingSystem.Api.Tests", "tests\BloggingSystem.Api.Tests\BloggingSystem.Api.Tests.csproj", "{BF0AA3E8-6B6A-4FAA-90EC-001E69F4A891}"
EndProject
Project("{FAE04EC0-301F-11D3-BF4B-00C04F79EFBC}") = "BloggingSystem.Architecture.Tests", "tests\BloggingSystem.Architecture.Tests\BloggingSystem.Architecture.Tests.csproj", "{036D5AAC-17C6-4B09-8278-604749356C7B}"
EndProject
Global
	GlobalSection(SolutionConfigurationPlatforms) = preSolution
		Debug|Any CPU = Debug|Any CPU
		Release|Any CPU = Release|Any CPU
	EndGlobalSection
	GlobalSection(SolutionProperties) = preSolution
		HideSolutionNode = FALSE
	EndGlobalSection
	GlobalSection(ProjectConfigurationPlatforms) = postSolution
		{F5E6D7C8-29BA-1234-EF01-234567890124}.Debug|Any CPU.ActiveCfg = Debug|Any CPU
		{F5E6D7C8-29BA-1234-EF01-234567890124}.Debug|Any CPU.Build.0 = Debug|Any CPU
		{F5E6D7C8-29BA-1234-EF01-234567890124}.Release|Any CPU.ActiveCfg = Release|Any CPU
		{F5E6D7C8-29BA-1234-EF01-234567890124}.Release|Any CPU.Build.0 = Release|Any CPU
		{06F7E8D9-3ACB-2345-F012-345678901235}.Debug|Any CPU.ActiveCfg = Debug|Any CPU
		{06F7E8D9-3ACB-2345-F012-345678901235}.Debug|Any CPU.Build.0 = Debug|Any CPU
		{06F7E8D9-3ACB-2345-F012-345678901235}.Release|Any CPU.ActiveCfg = Release|Any CPU
		{06F7E8D9-3ACB-2345-F012-345678901235}.Release|Any CPU.Build.0 = Release|Any CPU
		{17081EAA-4BDC-3456-0123-456789012346}.Debug|Any CPU.ActiveCfg = Debug|Any CPU
		{17081EAA-4BDC-3456-0123-456789012346}.Debug|Any CPU.Build.0 = Debug|Any CPU
		{17081EAA-4BDC-3456-0123-456789012346}.Release|Any CPU.ActiveCfg = Release|Any CPU
		{17081EAA-4BDC-3456-0123-456789012346}.Release|Any CPU.Build.0 = Release|Any CPU
		{28192FBB-5CED-4567-1234-567890123457}.Debug|Any CPU.ActiveCfg = Debug|Any CPU
		{28192FBB-5CED-4567-1234-567890123457}.Debug|Any CPU.Build.0 = Debug|Any CPU
		{28192FBB-5CED-4567-1234-567890123457}.Release|Any CPU.ActiveCfg = Release|Any CPU
		{28192FBB-5CED-4567-1234-567890123457}.Release|Any CPU.Build.0 = Release|Any CPU
		{392A30CC-6DFE-5678-2345-678901234568}.Debug|Any CPU.ActiveCfg = Debug|Any CPU
		{392A30CC-6DFE-5678-2345-678901234568}.Debug|Any CPU.Build.0 = Debug|Any CPU
		{392A30CC-6DFE-5678-2345-678901234568}.Release|Any CPU.ActiveCfg = Release|Any CPU
		{392A30CC-6DFE-5678-2345-678901234568}.Release|Any CPU.Build.0 = Release|Any CPU
		{4A3B41DD-7E0F-6789-3456-789012345679}.Debug|Any CPU.ActiveCfg = Debug|Any CPU
		{4A3B41DD-7E0F-6789-3456-789012345679}.Debug|Any CPU.Build.0 = Debug|Any CPU
		{4A3B41DD-7E0F-6789-3456-789012345679}.Release|Any CPU.ActiveCfg = Release|Any CPU
		{4A3B41DD-7E0F-6789-3456-789012345679}.Release|Any CPU.Build.0 = Release|Any CPU
		{5B4C52EE-8F10-789A-4567-89012345678A}.Debug|Any CPU.ActiveCfg = Debug|Any CPU
		{5B4C52EE-8F10-789A-4567-89012345678A}.Debug|Any CPU.Build.0 = Debug|Any CPU
		{5B4C52EE-8F10-789A-4567-89012345678A}.Release|Any CPU.ActiveCfg = Release|Any CPU
		{5B4C52EE-8F10-789A-4567-89012345678A}.Release|Any CPU.Build.0 = Release|Any CPU
		{6C5D63FF-9021-89AB-5678-90123456789B}.Debug|Any CPU.ActiveCfg = Debug|Any CPU
		{6C5D63FF-9021-89AB-5678-90123456789B}.Debug|Any CPU.Build.0 = Debug|Any CPU
		{6C5D63FF-9021-89AB-5678-90123456789B}.Release|Any CPU.ActiveCfg = Release|Any CPU
		{6C5D63FF-9021-89AB-5678-90123456789B}.Release|Any CPU.Build.0 = Release|Any CPU
		{7D6E7400-A132-9ABC-6789-01234567890C}.Debug|Any CPU.ActiveCfg = Debug|Any CPU
		{7D6E7400-A132-9ABC-6789-01234567890C}.Debug|Any CPU.Build.0 = Debug|Any CPU
		{7D6E7400-A132-9ABC-6789-01234567890C}.Release|Any CPU.ActiveCfg = Release|Any CPU
		{7D6E7400-A132-9ABC-6789-01234567890C}.Release|Any CPU.Build.0 = Release|Any CPU
		{8E7F8511-B243-ABCD-7890-12345678901D}.Debug|Any CPU.ActiveCfg = Debug|Any CPU
		{8E7F8511-B243-ABCD-7890-12345678901D}.Debug|Any CPU.Build.0 = Debug|Any CPU
		{8E7F8511-B243-ABCD-7890-12345678901D}.Release|Any CPU.ActiveCfg = Release|Any CPU
		{8E7F8511-B243-ABCD-7890-12345678901D}.Release|Any CPU.Build.0 = Release|Any CPU
		{CFA06A68-6D21-4A24-A306-ED09072D7C78}.Debug|Any CPU.ActiveCfg = Debug|Any CPU
		{CFA06A68-6D21-4A24-A306-ED09072D7C78}.Debug|Any CPU.Build.0 = Debug|Any CPU
		{CFA06A68-6D21-4A24-A306-ED09072D7C78}.Release|Any CPU.ActiveCfg = Release|Any CPU
		{CFA06A68-6D21-4A24-A306-ED09072D7C78}.Release|Any CPU.Build.0 = Release|Any CPU
		{A1B2C3D4-E5F6-7890-ABCD-EF1234567AA1}.Debug|Any CPU.ActiveCfg = Debug|Any CPU
		{A1B2C3D4-E5F6-7890-ABCD-EF1234567AA1}.Debug|Any CPU.Build.0 = Debug|Any CPU
		{A1B2C3D4-E5F6-7890-ABCD-EF1234567AA1}.Release|Any CPU.ActiveCfg = Release|Any CPU
		{A1B2C3D4-E5F6-7890-ABCD-EF1234567AA1}.Release|Any CPU.Build.0 = Release|Any CPU
		{B2C3D4E5-F6A7-8901-BCDE-F01234567BB2}.Debug|Any CPU.ActiveCfg = Debug|Any CPU
		{B2C3D4E5-F6A7-8901-BCDE-F01234567BB2}.Debug|Any CPU.Build.0 = Debug|Any CPU
		{B2C3D4E5-F6A7-8901-BCDE-F01234567BB2}.Release|Any CPU.ActiveCfg = Release|Any CPU
		{B2C3D4E5-F6A7-8901-BCDE-F01234567BB2}.Release|Any CPU.Build.0 = Release|Any CPU
		{C3D4E5F6-A7B8-9012-CDEF-012345678CC3}.Debug|Any CPU.ActiveCfg = Debug|Any CPU
		{C3D4E5F6-A7B8-9012-CDEF-012345678CC3}.Debug|Any CPU.Build.0 = Debug|Any CPU
		{C3D4E5F6-A7B8-9012-CDEF-012345678CC3}.Release|Any CPU.ActiveCfg = Release|Any CPU
		{C3D4E5F6-A7B8-9012-CDEF-012345678CC3}.Release|Any CPU.Build.0 = Release|Any CPU
		{5D4F027A-9514-451D-B6E6-DC420AE528B3}.Debug|Any CPU.ActiveCfg = Debug|Any CPU
		{5D4F027A-9514-451D-B6E6-DC420AE528B3}.Debug|Any CPU.Build.0 = Debug|Any CPU
		{5D4F027A-9514-451D-B6E6-DC420AE528B3}.Release|Any CPU.ActiveCfg = Release|Any CPU
		{5D4F027A-9514-451D-B6E6-DC420AE528B3}.Release|Any CPU.Build.0 = Release|Any CPU
		{AE21A06E-E7C7-4622-B6AC-89D38B869C9F}.Debug|Any CPU.ActiveCfg = Debug|Any CPU
		{AE21A06E-E7C7-4622-B6AC-89D38B869C9F}.Debug|Any CPU.Build.0 = Debug|Any CPU
		{AE21A06E-E7C7-4622-B6AC-89D38B869C9F}.Release|Any CPU.ActiveCfg = Release|Any CPU
		{AE21A06E-E7C7-4622-B6AC-89D38B869C9F}.Release|Any CPU.Build.0 = Release|Any CPU
		{09997EB2-A0F8-49CA-B3DC-8F1A312AFBD0}.Debug|Any CPU.ActiveCfg = Debug|Any CPU
		{09997EB2-A0F8-49CA-B3DC-8F1A312AFBD0}.Debug|Any CPU.Build.0 = Debug|Any CPU
		{09997EB2-A0F8-49CA-B3DC-8F1A312AFBD0}.Release|Any CPU.ActiveCfg = Release|Any CPU
		{09997EB2-A0F8-49CA-B3DC-8F1A312AFBD0}.Release|Any CPU.Build.0 = Release|Any CPU
		{BF0AA3E8-6B6A-4FAA-90EC-001E69F4A891}.Debug|Any CPU.ActiveCfg = Debug|Any CPU
		{BF0AA3E8-6B6A-4FAA-90EC-001E69F4A891}.Debug|Any CPU.Build.0 = Debug|Any CPU
		{BF0AA3E8-6B6A-4FAA-90EC-001E69F4A891}.Release|Any CPU.ActiveCfg = Release|Any CPU
		{BF0AA3E8-6B6A-4FAA-90EC-001E69F4A891}.Release|Any CPU.Build.0 = Release|Any CPU
		{036D5AAC-17C6-4B09-8278-604749356C7B}.Debug|Any CPU.ActiveCfg = Debug|Any CPU
		{036D5AAC-17C6-4B09-8278-604749356C7B}.Debug|Any CPU.Build.0 = Debug|Any CPU
		{036D5AAC-17C6-4B09-8278-604749356C7B}.Release|Any CPU.ActiveCfg = Release|Any CPU
		{036D5AAC-17C6-4B09-8278-604749356C7B}.Release|Any CPU.Build.0 = Release|Any CPU
	EndGlobalSection
	GlobalSection(NestedProjects) = preSolution
		{B1A2C3D4-E5F6-7890-ABCD-EF1234567890} = {AD530CED-2B90-4043-8CDF-E8D13D5301D5}
		{C2B3A4D5-F6E7-8901-BCDE-F01234567891} = {AD530CED-2B90-4043-8CDF-E8D13D5301D5}
		{D3C4B5A6-07F8-9012-CDEF-012345678902} = {C2B3A4D5-F6E7-8901-BCDE-F01234567891}
		{E4D5C6B7-18A9-0123-DEF0-123456789013} = {C2B3A4D5-F6E7-8901-BCDE-F01234567891}
		{F5E6D7C8-29BA-1234-EF01-234567890124} = {B1A2C3D4-E5F6-7890-ABCD-EF1234567890}
		{06F7E8D9-3ACB-2345-F012-345678901235} = {B1A2C3D4-E5F6-7890-ABCD-EF1234567890}
		{17081EAA-4BDC-3456-0123-456789012346} = {B1A2C3D4-E5F6-7890-ABCD-EF1234567890}
		{28192FBB-5CED-4567-1234-567890123457} = {D3C4B5A6-07F8-9012-CDEF-012345678902}
		{392A30CC-6DFE-5678-2345-678901234568} = {D3C4B5A6-07F8-9012-CDEF-012345678902}
		{4A3B41DD-7E0F-6789-3456-789012345679} = {D3C4B5A6-07F8-9012-CDEF-012345678902}
		{A1B2C3D4-E5F6-7890-ABCD-EF1234567AA1} = {D3C4B5A6-07F8-9012-CDEF-012345678902}
		{8E7F8511-B243-ABCD-7890-12345678901D} = {E4D5C6B7-18A9-0123-DEF0-123456789013}
		{5B4C52EE-8F10-789A-4567-89012345678A} = {E4D5C6B7-18A9-0123-DEF0-123456789013}
		{6C5D63FF-9021-89AB-5678-90123456789B} = {E4D5C6B7-18A9-0123-DEF0-123456789013}
		{7D6E7400-A132-9ABC-6789-01234567890C} = {E4D5C6B7-18A9-0123-DEF0-123456789013}
		{B2C3D4E5-F6A7-8901-BCDE-F01234567BB2} = {E4D5C6B7-18A9-0123-DEF0-123456789013}
		{CFA06A68-6D21-4A24-A306-ED09072D7C78} = {AD530CED-2B90-4043-8CDF-E8D13D5301D5}
		{C3D4E5F6-A7B8-9012-CDEF-012345678CC3} = {AD530CED-2B90-4043-8CDF-E8D13D5301D5}
		{5D4F027A-9514-451D-B6E6-DC420AE528B3} = {5CF40F96-D7E9-415D-9CD5-0704D5C18DC4}
		{AE21A06E-E7C7-4622-B6AC-89D38B869C9F} = {5CF40F96-D7E9-415D-9CD5-0704D5C18DC4}
		{09997EB2-A0F8-49CA-B3DC-8F1A312AFBD0} = {5CF40F96-D7E9-415D-9CD5-0704D5C18DC4}
		{BF0AA3E8-6B6A-4FAA-90EC-001E69F4A891} = {5CF40F96-D7E9-415D-9CD5-0704D5C18DC4}
		{036D5AAC-17C6-4B09-8278-604749356C7B} = {5CF40F96-D7E9-415D-9CD5-0704D5C18DC4}
	EndGlobalSection
EndGlobal
